
Microsoft Visual Studio Solution File, Format Version 12.00
# Visual Studio Version 17
VisualStudioVersion = 17.4.33213.308
MinimumVisualStudioVersion = 10.0.40219.1
Project("{FAE04EC0-301F-11D3-BF4B-00C04F79EFBC}") = "GuitarShop", "GuitarShop.csproj", "{D35DECE0-A7A6-4C00-9815-280D16BBA95F}"
EndProject
Project("{FAE04EC0-301F-11D3-BF4B-00C04F79EFBC}") = "GuitarShop.DAL", "..\GuitarShop.DAL\GuitarShop.DAL.csproj", "{7C1C5E07-7B13-4CD3-91DA-E16076C8F13E}"
EndProject
Project("{FAE04EC0-301F-11D3-BF4B-00C04F79EFBC}") = "GuitarShop.BLL", "..\GuitarShop.BLL\GuitarShop.BLL.csproj", "{7D231C1E-393B-44BE-80C8-537387FF7F60}"
EndProject
Global
	GlobalSection(SolutionConfigurationPlatforms) = preSolution
		Debug|Any CPU = Debug|Any CPU
		Release|Any CPU = Release|Any CPU
	EndGlobalSection
	GlobalSection(ProjectConfigurationPlatforms) = postSolution
		{D35DECE0-A7A6-4C00-9815-280D16BBA95F}.Debug|Any CPU.ActiveCfg = Debug|Any CPU
		{D35DECE0-A7A6-4C00-9815-280D16BBA95F}.Debug|Any CPU.Build.0 = Debug|Any CPU
		{D35DECE0-A7A6-4C00-9815-280D16BBA95F}.Release|Any CPU.ActiveCfg = Release|Any CPU
		{D35DECE0-A7A6-4C00-9815-280D16BBA95F}.Release|Any CPU.Build.0 = Release|Any CPU
		{7C1C5E07-7B13-4CD3-91DA-E16076C8F13E}.Debug|Any CPU.ActiveCfg = Debug|Any CPU
		{7C1C5E07-7B13-4CD3-91DA-E16076C8F13E}.Debug|Any CPU.Build.0 = Debug|Any CPU
		{7C1C5E07-7B13-4CD3-91DA-E16076C8F13E}.Release|Any CPU.ActiveCfg = Release|Any CPU
		{7C1C5E07-7B13-4CD3-91DA-E16076C8F13E}.Release|Any CPU.Build.0 = Release|Any CPU
		{7D231C1E-393B-44BE-80C8-537387FF7F60}.Debug|Any CPU.ActiveCfg = Debug|Any CPU
		{7D231C1E-393B-44BE-80C8-537387FF7F60}.Debug|Any CPU.Build.0 = Debug|Any CPU
		{7D231C1E-393B-44BE-80C8-537387FF7F60}.Release|Any CPU.ActiveCfg = Release|Any CPU
		{7D231C1E-393B-44BE-80C8-537387FF7F60}.Release|Any CPU.Build.0 = Release|Any CPU
	EndGlobalSection
	GlobalSection(SolutionProperties) = preSolution
		HideSolutionNode = FALSE
	EndGlobalSection
	GlobalSection(ExtensibilityGlobals) = postSolution
		SolutionGuid = {8455166A-2CC8-4716-9C8A-5A7083744280}
	EndGlobalSection
EndGlobal
